
Microsoft Visual Studio Solution File, Format Version 12.00
# Visual Studio Version 17
VisualStudioVersion = 17.2.32602.215
MinimumVisualStudioVersion = 10.0.40219.1
Project("{9A19103F-16F7-4668-BE54-9A1E7A4F7556}") = "LINQConsole", "LINQConsole\LINQConsole.csproj", "{92AAFE1A-21FE-4A68-A700-B620281A25D8}"
EndProject
Project("{FAE04EC0-301F-11D3-BF4B-00C04F79EFBC}") = "Assesment", "Assesment\Assesment.csproj", "{4A7B2DE6-368A-4C4B-9BB9-86AFA7F7608E}"
EndProject
Global
	GlobalSection(SolutionConfigurationPlatforms) = preSolution
		Debug|Any CPU = Debug|Any CPU
		Release|Any CPU = Release|Any CPU
	EndGlobalSection
	GlobalSection(ProjectConfigurationPlatforms) = postSolution
		{92AAFE1A-21FE-4A68-A700-B620281A25D8}.Debug|Any CPU.ActiveCfg = Debug|Any CPU
		{92AAFE1A-21FE-4A68-A700-B620281A25D8}.Debug|Any CPU.Build.0 = Debug|Any CPU
		{92AAFE1A-21FE-4A68-A700-B620281A25D8}.Release|Any CPU.ActiveCfg = Release|Any CPU
		{92AAFE1A-21FE-4A68-A700-B620281A25D8}.Release|Any CPU.Build.0 = Release|Any CPU
		{4A7B2DE6-368A-4C4B-9BB9-86AFA7F7608E}.Debug|Any CPU.ActiveCfg = Debug|Any CPU
		{4A7B2DE6-368A-4C4B-9BB9-86AFA7F7608E}.Debug|Any CPU.Build.0 = Debug|Any CPU
		{4A7B2DE6-368A-4C4B-9BB9-86AFA7F7608E}.Release|Any CPU.ActiveCfg = Release|Any CPU
		{4A7B2DE6-368A-4C4B-9BB9-86AFA7F7608E}.Release|Any CPU.Build.0 = Release|Any CPU
	EndGlobalSection
	GlobalSection(SolutionProperties) = preSolution
		HideSolutionNode = FALSE
	EndGlobalSection
	GlobalSection(ExtensibilityGlobals) = postSolution
		SolutionGuid = {78408B6D-6A14-44FE-8BDC-5B3B0BFED776}
	EndGlobalSection
EndGlobal
